github.com/ugorji/go v1.1.9 h1:SObrQTaSuP8WOv2WNCj8gECiNSJIUvk3Q7N26c96Gws=
github.com/ugorji/go v1.1.9/go.mod h1:chLrngdsg43geAaeId+nXO57YsDdl5OZqd/QtBiD19g=
github.com/ugorji/go/codec v1.1.9 h1:J/7hhpkQwgypRNvaeh/T5gzJ2gEI/l8S3qyRrdEa1fA=
github.com/ugorji/go/codec v1.1.9/go.mod h1:+SWgpdqOgdW5sBaiDfkHilQ1SxQ1hBkq/R+kHfL7Suo=
